dependencies:
- name: qdrant
  repository: https://qdrant.github.io/qdrant-helm
  version: 1.17.0
- name: valkey
  repository: oci://registry-1.docker.io/bitnamicharts
  version: 3.0.1
digest: sha256:e328155c829ccaeb1cf39f49b5d5d53810bda53066f6d2d55aa0936c72c667bf
generated: "2026-05-05T12:09:31.553885+02:00"
